
Microsoft Visual Studio Solution File, Format Version 12.00
# Visual Studio Version 17
VisualStudioVersion = 17.8.34309.116
MinimumVisualStudioVersion = 10.0.40219.1
Project("{FAE04EC0-301F-11D3-BF4B-00C04F79EFBC}") = "HelloGroup.Service.Extractor", "HelloGroup.Service.Extractor\HelloGroup.Service.Extractor.csproj", "{C02320C6-11E6-4772-ACA9-D143806B0D74}"
EndProject
Project("{FAE04EC0-301F-11D3-BF4B-00C04F79EFBC}") = "HelloGroup.Model", "HelloGroup.Model\HelloGroup.Model.csproj", "{B41A7CBE-D21A-4155-9E0D-EFA1921FBBE2}"
EndProject
Project("{FAE04EC0-301F-11D3-BF4B-00C04F79EFBC}") = "HelloGroup.Repository", "HelloGroup.Repository\HelloGroup.Repository.csproj", "{A47E57DB-B405-4649-B823-04A58CD45A02}"
EndProject
Project("{FAE04EC0-301F-11D3-BF4B-00C04F79EFBC}") = "HelloGroup.Shared", "HelloGroup.Shared\HelloGroup.Shared.csproj", "{410FCFCE-56AA-49D7-BDD4-D1F46C69B108}"
EndProject
Global
	GlobalSection(SolutionConfigurationPlatforms) = preSolution
		Debug|Any CPU = Debug|Any CPU
		Release|Any CPU = Release|Any CPU
	EndGlobalSection
	GlobalSection(ProjectConfigurationPlatforms) = postSolution
		{C02320C6-11E6-4772-ACA9-D143806B0D74}.Debug|Any CPU.ActiveCfg = Debug|Any CPU
		{C02320C6-11E6-4772-ACA9-D143806B0D74}.Debug|Any CPU.Build.0 = Debug|Any CPU
		{C02320C6-11E6-4772-ACA9-D143806B0D74}.Release|Any CPU.ActiveCfg = Release|Any CPU
		{C02320C6-11E6-4772-ACA9-D143806B0D74}.Release|Any CPU.Build.0 = Release|Any CPU
		{B41A7CBE-D21A-4155-9E0D-EFA1921FBBE2}.Debug|Any CPU.ActiveCfg = Debug|Any CPU
		{B41A7CBE-D21A-4155-9E0D-EFA1921FBBE2}.Debug|Any CPU.Build.0 = Debug|Any CPU
		{B41A7CBE-D21A-4155-9E0D-EFA1921FBBE2}.Release|Any CPU.ActiveCfg = Release|Any CPU
		{B41A7CBE-D21A-4155-9E0D-EFA1921FBBE2}.Release|Any CPU.Build.0 = Release|Any CPU
		{A47E57DB-B405-4649-B823-04A58CD45A02}.Debug|Any CPU.ActiveCfg = Debug|Any CPU
		{A47E57DB-B405-4649-B823-04A58CD45A02}.Debug|Any CPU.Build.0 = Debug|Any CPU
		{A47E57DB-B405-4649-B823-04A58CD45A02}.Release|Any CPU.ActiveCfg = Release|Any CPU
		{A47E57DB-B405-4649-B823-04A58CD45A02}.Release|Any CPU.Build.0 = Release|Any CPU
		{410FCFCE-56AA-49D7-BDD4-D1F46C69B108}.Debug|Any CPU.ActiveCfg = Debug|Any CPU
		{410FCFCE-56AA-49D7-BDD4-D1F46C69B108}.Debug|Any CPU.Build.0 = Debug|Any CPU
		{410FCFCE-56AA-49D7-BDD4-D1F46C69B108}.Release|Any CPU.ActiveCfg = Release|Any CPU
		{410FCFCE-56AA-49D7-BDD4-D1F46C69B108}.Release|Any CPU.Build.0 = Release|Any CPU
	EndGlobalSection
	GlobalSection(SolutionProperties) = preSolution
		HideSolutionNode = FALSE
	EndGlobalSection
	GlobalSection(ExtensibilityGlobals) = postSolution
		SolutionGuid = {F4B4B8EF-5A4A-4F6D-9409-7F2402CBBA7A}
	EndGlobalSection
EndGlobal
